{
  "version": "1.0.0",
  "lockfileVersion": 2,
  "workspaces": {
    "": {
      "name": "bunpress-monorepo",
      "devDependencies": {
        "@stacksjs/bumpx": "^0.2.4",
        "@stacksjs/gitlint": "^0.1.5",
        "@stacksjs/logsmith": "^0.2.1",
        "bun-git-hooks": "^0.3.1",
        "bun-plugin-dtsx": "^0.10.4",
        "bun-types": "^1.3.11",
        "typescript": "^7.0.2"
      },
      "system": {
        "bun.sh": "1.3.14"
      }
    },
    "packages/bun-plugin": {
      "name": "bun-plugin-bunpress",
      "version": "0.2.0",
      "devDependencies": {
        "bun-plugin-dtsx": "^0.10.4",
        "typescript": "^7.0.2"
      }
    },
    "packages/bunpress": {
      "name": "@stacksjs/bunpress",
      "version": "0.2.0",
      "dependencies": {
        "@cwcss/crosswind": "^0.2.16",
        "@stacksjs/clapp": "^0.2.0",
        "@stacksjs/stx": "^0.2.171",
        "@stacksjs/ts-i18n": "^0.1.11",
        "bunfig": "^0.15.17",
        "ts-syntax-highlighter": "^0.2.14"
      },
      "devDependencies": {
        "bun-plugin-dtsx": "^0.10.4",
        "typescript": "^7.0.2"
      }
    }
  },
  "packages": {
    "@cwcss/crosswind@0.2.16": {
      "name": "@cwcss/crosswind",
      "version": "0.2.16",
      "source": "npm",
      "resolved": "https://registry.npmjs.org/@cwcss/crosswind/-/crosswind-0.2.16.tgz",
      "integrity": "sha512-QgSTpcnt1seUQF2++taD5wk/H1lE3wSaybd+i9iP/syQTB2w/v2aM2U9SzYYe2ZcHA3Uxa1Sn/YvhcmHeFfuCA==",
      "dependencies": {
        "@stacksjs/clapp": "^0.2.0",
        "bunfig": "^0.15.17"
      },
      "bin": {
        "crosswind": "./dist/cli.js"
      }
    },
    "@stacksjs/bumpx@0.2.6": {
      "name": "@stacksjs/bumpx",
      "version": "0.2.6",
      "source": "npm",
      "resolved": "https://registry.npmjs.org/@stacksjs/bumpx/-/bumpx-0.2.6.tgz",
      "integrity": "sha512-y4Jz8WKTJtes6/o1vsIbOeuIoqKItfnbeel94qrJKNKsY2CBzU3FT3YwKjs8K52JFfyACCdQa1tGx+lQWtpyTA==",
      "dependencies": {
        "@stacksjs/clapp": "^0.2.0",
        "@stacksjs/logsmith": "^0.2.1",
        "bunfig": "^0.15.6"
      },
      "bin": {
        "bumpx": "./dist/bin/cli.js"
      }
    },
    "@stacksjs/clapp@0.2.12": {
      "name": "@stacksjs/clapp",
      "version": "0.2.12",
      "source": "npm",
      "resolved": "https://registry.npmjs.org/@stacksjs/clapp/-/clapp-0.2.12.tgz",
      "integrity": "sha512-EzCjl9cfKNMe7UPONHSSAffyfFVrbLzcEVx2i6HYLnJkcka5HFf1vPvOMkErCC10WDX+2Z1BOMTdsTXP1MqIbQ=="
    },
    "@stacksjs/gitlint@0.1.6": {
      "name": "@stacksjs/gitlint",
      "version": "0.1.6",
      "source": "npm",
      "resolved": "https://registry.npmjs.org/@stacksjs/gitlint/-/gitlint-0.1.6.tgz",
      "integrity": "sha512-A4MTsddeWHEhz0mLKq+P/CqHxmWv4SWhrmWotP1UMtVbGlpYs/q+bwqrFyThT6L9xMR8iWKGVTV908oS6QDeNg==",
      "bin": {
        "gitlint": "./dist/bin/cli.js"
      }
    },
    "@stacksjs/logsmith@0.2.3": {
      "name": "@stacksjs/logsmith",
      "version": "0.2.3",
      "source": "npm",
      "resolved": "https://registry.npmjs.org/@stacksjs/logsmith/-/logsmith-0.2.3.tgz",
      "integrity": "sha512-Jy2AHVdEQwDtjlOVSG4xOmIMSy/D2iZcPK7KaoDOmKfZbMmfmbhveK16w1TWKCY9duhMZigdpeFx39ZzXGARVg==",
      "dependencies": {
        "@stacksjs/clapp": "^0.2.0",
        "bunfig": "^0.15.6",
        "pickier": "^0.1.9"
      },
      "bin": {
        "@stacksjs/logsmith": "./dist/bin/cli.js",
        "logsmith": "./dist/bin/cli.js"
      }
    },
    "@stacksjs/stx@0.2.173": {
      "name": "@stacksjs/stx",
      "version": "0.2.173",
      "source": "npm",
      "resolved": "https://registry.npmjs.org/@stacksjs/stx/-/stx-0.2.173.tgz",
      "integrity": "sha512-WLL2BpUViCH2fGA+RooMKjUooYh+IWopxXpnRqP+dyb8M6GEO4jbYLEudxOLp9HSMk+4FeB66fX742xPUWg7uw==",
      "dependencies": {
        "@cwcss/crosswind": "^0.2.14",
        "@stacksjs/clapp": "^0.2.0",
        "@stacksjs/desktop": "0.2.173",
        "@stacksjs/sanitizer": "0.2.173",
        "@stacksjs/ts-i18n": "^0.1.11",
        "bun-plugin-stx": "0.2.173",
        "bunfig": "^0.15.17",
        "stx-router": "0.2.173",
        "ts-broadcasting": "^0.0.9",
        "ts-images": "^0.1.9",
        "ts-syntax-highlighter": "^0.2.1"
      },
      "bin": {
        "stx": "./dist/cli.js"
      }
    },
    "@stacksjs/ts-i18n@0.1.11": {
      "name": "@stacksjs/ts-i18n",
      "version": "0.1.11",
      "source": "npm",
      "resolved": "https://registry.npmjs.org/@stacksjs/ts-i18n/-/ts-i18n-0.1.11.tgz",
      "integrity": "sha512-33FM0gKdxBy6EUsUZLGAMe0D7QUZ4f/BQXRsQIyzkZgs2+juruUTevPuJGCjWSZsgJuiaBfEJn8Oq8ctuo1OWQ==",
      "dependencies": {
        "@stacksjs/clapp": "^0.2.9",
        "bunfig": "^0.15.6"
      },
      "bin": {
        "i18n": "./dist/cli.js"
      }
    },
    "bun-git-hooks@0.3.2": {
      "name": "bun-git-hooks",
      "version": "0.3.2",
      "source": "npm",
      "resolved": "https://registry.npmjs.org/bun-git-hooks/-/bun-git-hooks-0.3.2.tgz",
      "integrity": "sha512-cHkmB7sxmtPNekzG0nGXqbN8Q+dZf4muvV4eCB8dBCduW1DHR+4YulKinPUk/C6Rogy+JMyL1ysVVVWwZobwZw==",
      "bin": {
        "bun-git-hooks": "./dist/bin/cli.js",
        "git-hooks": "./dist/bin/cli.js"
      }
    },
    "bun-plugin-dtsx@0.10.9": {
      "name": "bun-plugin-dtsx",
      "version": "0.10.9",
      "source": "npm",
      "resolved": "https://registry.npmjs.org/bun-plugin-dtsx/-/bun-plugin-dtsx-0.10.9.tgz",
      "integrity": "sha512-mTtVhn7Uawoml2mHwIo9y4DCy+aWB99xIHYqVPYEF/4YpZa1u4q2qtYcd/cClthMFsgnl6WS2ZKO92tWXoQnoA==",
      "dependencies": {
        "@stacksjs/dtsx": "0.10.9"
      }
    },
    "bun-types@1.3.14-canary.20260425T142013": {
      "name": "bun-types",
      "version": "1.3.14-canary.20260425T142013",
      "source": "npm",
      "resolved": "https://registry.npmjs.org/bun-types/-/bun-types-1.3.14-canary.20260425T142013.tgz",
      "integrity": "sha512-4lJDRZhCnoHhVS2KfmXPaTDseW18dQNheT80ds24PF/kczbbdQ+bDvh22Qns7M0vd67EjvD8YFXZ4NmgOv4G0Q==",
      "dependencies": {
        "@types/node": "*"
      }
    },
    "bun.sh@1.3.14": {
      "name": "bun.sh",
      "version": "1.3.14",
      "source": "pantry",
      "resolved": "registry:bun.sh@1.3.14"
    },
    "bunfig@0.15.17": {
      "name": "bunfig",
      "version": "0.15.17",
      "source": "npm",
      "resolved": "https://registry.npmjs.org/bunfig/-/bunfig-0.15.17.tgz",
      "integrity": "sha512-nJAYGUq29lMmKindrIQIU5MD0JFFRoVFt+PBoNEvvVO9gKS3WgsYQVQLzN0gzHNnZtOZSR9p7jTBiRCwjQpr1g==",
      "dependencies": {
        "@stacksjs/clapp": "^0.2.0",
        "@stacksjs/clarity": "^0.3.24"
      },
      "bin": {
        "bunfig": "./bin/cli.js"
      }
    },
    "ts-syntax-highlighter@0.2.14": {
      "name": "ts-syntax-highlighter",
      "version": "0.2.14",
      "source": "npm",
      "resolved": "https://registry.npmjs.org/ts-syntax-highlighter/-/ts-syntax-highlighter-0.2.14.tgz",
      "integrity": "sha512-xujx4yJ4Rlhwdstopq6KVYs78K5nSfkpUk/GRK/InwmnJ/SN+E+hUSuSvQZz922xlXYe1SFBtzXxQXbpRt46fw==",
      "bin": {
        "ts-syntax-highlighter": "./dist/bin/cli.js"
      }
    },
    "typescript@7.0.2": {
      "name": "typescript",
      "version": "7.0.2",
      "source": "npm",
      "resolved": "https://registry.npmjs.org/typescript/-/typescript-7.0.2.tgz",
      "integrity": "sha512-8FYau96o3NKOhbjKi/qNvG/W5jhzxkbdm5sj9AbZ/5T5sWqn3hJgLfGx27sRKZWTvyzCP8dLRBTf5tBTSRVUNA==",
      "bin": {
        "tsc": "./bin/tsc"
      }
    }
  }
}
