{
  "version": "1.0.0",
  "lockfileVersion": 2,
  "workspaces": {
    "": {
      "name": "bunpress-monorepo",
      "devDependencies": {
        "@stacksjs/bumpx": "^0.2.4",
        "@stacksjs/gitlint": "^0.1.5",
        "@stacksjs/logsmith": "^0.2.1",
        "@stacksjs/ts-i18n": "^0.0.0",
        "bun-git-hooks": "^0.3.1",
        "bun-plugin-dtsx": "^0.10.4",
        "bun-types": "^1.3.11",
        "bunfig": "^0.15.6",
        "ts-syntax-highlighter": "^0.2.1",
        "typescript": "^7.0.2"
      },
      "system": {
        "bun.sh": "^1.3.14"
      }
    },
    "packages/bun-plugin": {
      "name": "bun-plugin-bunpress",
      "version": "0.1.19",
      "devDependencies": {
        "typescript": "^7.0.2"
      }
    },
    "packages/bunpress": {
      "name": "@stacksjs/bunpress",
      "version": "0.1.19",
      "dependencies": {
        "@stacksjs/stx": "^0.2.82",
        "@stacksjs/ts-cloud": "^0.7.51",
        "@stacksjs/ts-md": "^0.1.1",
        "bunfig": "^0.15.6"
      },
      "devDependencies": {
        "@stacksjs/clapp": "^0.2.0",
        "ts-syntax-highlighter": "^0.2.1",
        "typescript": "^7.0.2"
      }
    }
  },
  "packages": {
    "@stacksjs/bumpx@0.2.6": {
      "name": "@stacksjs/bumpx",
      "version": "0.2.6",
      "source": "npm",
      "resolved": "https://registry.npmjs.org/@stacksjs/bumpx/-/bumpx-0.2.6.tgz",
      "integrity": "sha512-y4Jz8WKTJtes6/o1vsIbOeuIoqKItfnbeel94qrJKNKsY2CBzU3FT3YwKjs8K52JFfyACCdQa1tGx+lQWtpyTA==",
      "dependencies": {
        "@stacksjs/clapp": "^0.2.0",
        "@stacksjs/logsmith": "^0.2.1",
        "bunfig": "^0.15.6"
      },
      "bin": {
        "bumpx": "./dist/bin/cli.js"
      }
    },
    "@stacksjs/clapp@0.2.12": {
      "name": "@stacksjs/clapp",
      "version": "0.2.12",
      "source": "npm",
      "resolved": "https://registry.npmjs.org/@stacksjs/clapp/-/clapp-0.2.12.tgz",
      "integrity": "sha512-EzCjl9cfKNMe7UPONHSSAffyfFVrbLzcEVx2i6HYLnJkcka5HFf1vPvOMkErCC10WDX+2Z1BOMTdsTXP1MqIbQ=="
    },
    "@stacksjs/gitlint@0.1.6": {
      "name": "@stacksjs/gitlint",
      "version": "0.1.6",
      "source": "npm",
      "resolved": "https://registry.npmjs.org/@stacksjs/gitlint/-/gitlint-0.1.6.tgz",
      "integrity": "sha512-A4MTsddeWHEhz0mLKq+P/CqHxmWv4SWhrmWotP1UMtVbGlpYs/q+bwqrFyThT6L9xMR8iWKGVTV908oS6QDeNg==",
      "bin": {
        "gitlint": "./dist/bin/cli.js"
      }
    },
    "@stacksjs/logsmith@0.2.3": {
      "name": "@stacksjs/logsmith",
      "version": "0.2.3",
      "source": "npm",
      "resolved": "https://registry.npmjs.org/@stacksjs/logsmith/-/logsmith-0.2.3.tgz",
      "integrity": "sha512-Jy2AHVdEQwDtjlOVSG4xOmIMSy/D2iZcPK7KaoDOmKfZbMmfmbhveK16w1TWKCY9duhMZigdpeFx39ZzXGARVg==",
      "dependencies": {
        "@stacksjs/clapp": "^0.2.0",
        "bunfig": "^0.15.6",
        "pickier": "^0.1.9"
      },
      "bin": {
        "@stacksjs/logsmith": "./dist/bin/cli.js",
        "logsmith": "./dist/bin/cli.js"
      }
    },
    "@stacksjs/stx@0.2.99": {
      "name": "@stacksjs/stx",
      "version": "0.2.99",
      "source": "npm",
      "resolved": "https://registry.npmjs.org/@stacksjs/stx/-/stx-0.2.99.tgz",
      "integrity": "sha512-F4GuF4XXRLC7QEUQvcZkzj9yc27wDS0k44GQ7TAZzbu0Dxd4KxJsGw2PM4fgVc5Fi+C/v/tXXf9Dp9AnP7QV/w==",
      "dependencies": {
        "@cwcss/crosswind": "^0.2.6",
        "@stacksjs/clapp": "^0.2.0",
        "@stacksjs/sanitizer": "0.2.99",
        "@stacksjs/ts-i18n": "^0.1.11",
        "bun-plugin-stx": "0.2.99",
        "bunfig": "^0.15.15",
        "stx-router": "0.2.99",
        "ts-broadcasting": "^0.0.8",
        "ts-images": "^0.1.9",
        "ts-syntax-highlighter": "^0.2.1"
      },
      "bin": {
        "stx": "./dist/cli.js"
      }
    },
    "@stacksjs/ts-cloud@0.7.51": {
      "name": "@stacksjs/ts-cloud",
      "version": "0.7.51",
      "source": "npm",
      "resolved": "https://registry.npmjs.org/@stacksjs/ts-cloud/-/ts-cloud-0.7.51.tgz",
      "integrity": "sha512-fmgjc+cjuVHpNP0Hg/Y73EYp6YcVClzkeAmT5VzY3SCM2Yek9YfA6+WcvySwoRTG79DmRIUqfT75AFogvovsNw==",
      "dependencies": {
        "@stacksjs/ts-xml": "^0.1.0",
        "@ts-cloud/aws-types": "0.7.51",
        "@ts-cloud/core": "0.7.51"
      },
      "bin": {
        "cloud": "./dist/bin/cli.js"
      }
    },
    "@stacksjs/ts-i18n@0.0.0": {
      "name": "@stacksjs/ts-i18n",
      "version": "0.0.0",
      "source": "npm",
      "resolved": "https://registry.npmjs.org/@stacksjs/ts-i18n/-/ts-i18n-0.0.0.tgz",
      "integrity": "sha512-5MBLMIZLeWX5Gc2xRe26UyFXN0q5Am51w7fRVhOf58MKa/4XL1YpQ4MwkR/M45VqVhEnvl396zY319S8WycBrQ==",
      "dependencies": {
        "@stacksjs/clapp": "^0.1.16",
        "bunfig": "^0.14.1",
        "tinyglobby": "^0.2.9",
        "yaml": "^2.6.0"
      },
      "bin": {
        "i18n": "./dist/bin/cli.js"
      }
    },
    "@stacksjs/ts-md@0.1.1": {
      "name": "@stacksjs/ts-md",
      "version": "0.1.1",
      "source": "npm",
      "resolved": "https://registry.npmjs.org/@stacksjs/ts-md/-/ts-md-0.1.1.tgz",
      "integrity": "sha512-kvsSg7S3vHq65fnHIRggTLudN4n1sjkos86xLB62V6PVRa8iosYAmFKVDTGaJk+0MdsIoRwQbJ2vLWVcNQsgGw==",
      "bin": {
        "md": "./bin/cli.ts"
      }
    },
    "bun-git-hooks@0.3.2": {
      "name": "bun-git-hooks",
      "version": "0.3.2",
      "source": "npm",
      "resolved": "https://registry.npmjs.org/bun-git-hooks/-/bun-git-hooks-0.3.2.tgz",
      "integrity": "sha512-cHkmB7sxmtPNekzG0nGXqbN8Q+dZf4muvV4eCB8dBCduW1DHR+4YulKinPUk/C6Rogy+JMyL1ysVVVWwZobwZw==",
      "bin": {
        "bun-git-hooks": "./dist/bin/cli.js",
        "git-hooks": "./dist/bin/cli.js"
      }
    },
    "bun-plugin-dtsx@0.10.9": {
      "name": "bun-plugin-dtsx",
      "version": "0.10.9",
      "source": "npm",
      "resolved": "https://registry.npmjs.org/bun-plugin-dtsx/-/bun-plugin-dtsx-0.10.9.tgz",
      "integrity": "sha512-mTtVhn7Uawoml2mHwIo9y4DCy+aWB99xIHYqVPYEF/4YpZa1u4q2qtYcd/cClthMFsgnl6WS2ZKO92tWXoQnoA==",
      "dependencies": {
        "@stacksjs/dtsx": "0.10.9"
      }
    },
    "bun-types@1.3.14-canary.20260425T142013": {
      "name": "bun-types",
      "version": "1.3.14-canary.20260425T142013",
      "source": "npm",
      "resolved": "https://registry.npmjs.org/bun-types/-/bun-types-1.3.14-canary.20260425T142013.tgz",
      "integrity": "sha512-4lJDRZhCnoHhVS2KfmXPaTDseW18dQNheT80ds24PF/kczbbdQ+bDvh22Qns7M0vd67EjvD8YFXZ4NmgOv4G0Q==",
      "dependencies": {
        "@types/node": "*"
      }
    },
    "bun.sh@1.3.14": {
      "name": "bun.sh",
      "version": "1.3.14",
      "source": "pantry",
      "resolved": "registry:bun.sh@1.3.14"
    },
    "bunfig@0.15.15": {
      "name": "bunfig",
      "version": "0.15.15",
      "source": "npm",
      "resolved": "https://registry.npmjs.org/bunfig/-/bunfig-0.15.15.tgz",
      "integrity": "sha512-LEBk4M2WqwsJs7U9N5ZnEV6C9Oq74yhcF0VQj/dFBLWyxhDozH3xn4zxrJOFyTwYzYPn6AyDGtSnq2B05HrWZA==",
      "dependencies": {
        "@stacksjs/clapp": "^0.2.0",
        "@stacksjs/clarity": "^0.3.24"
      },
      "bin": {
        "bunfig": "./bin/cli.js"
      }
    },
    "ts-syntax-highlighter@0.2.5": {
      "name": "ts-syntax-highlighter",
      "version": "0.2.5",
      "source": "npm",
      "resolved": "https://registry.npmjs.org/ts-syntax-highlighter/-/ts-syntax-highlighter-0.2.5.tgz",
      "integrity": "sha512-4v2wDrPRZOeAA3o647xhyvuzpTIiSqimuR/KWoRZ/BtqX1yC9tesJzRMPpkbwZOI6BoJs65wST20Ma6Nyw+2Rg==",
      "bin": {
        "ts-syntax-highlighter": "./dist/bin/cli.js"
      }
    },
    "typescript@7.0.2": {
      "name": "typescript",
      "version": "7.0.2",
      "source": "npm",
      "resolved": "https://registry.npmjs.org/typescript/-/typescript-7.0.2.tgz",
      "integrity": "sha512-8FYau96o3NKOhbjKi/qNvG/W5jhzxkbdm5sj9AbZ/5T5sWqn3hJgLfGx27sRKZWTvyzCP8dLRBTf5tBTSRVUNA==",
      "bin": {
        "tsc": "./bin/tsc"
      }
    }
  }
}
